{
  "name": "my-app",
  "version": "1.0.0",
  "lockfileVersion": 2,
  "dependencies": {
    "express": {
      "version": "4.18.2",
      "resolved": "https://registry.npmjs.org/express/-/express-4.18.2.tgz",
      "integrity": "sha512-K9r5DHOoZON0GyGbXTxF4OLP8VHgfnDCnJ5B9k4a97P1+dyJ5JFlakQ0ggGiU5U2OU/gh97UygZTlnhp6pvgfQ==",
      "dev": false
    },
    "wetty": {
      "version": "2.7.0",
      "resolved": "https://registry.npmjs.org/wetty/-/wetty-2.7.0.tgz",
      "integrity": "sha512-pOQxV+pluwCjcD7k7MwMB76l6lg6orOUJfVtiuJeYnzLO2Rz5z2a7UMSvtf3ZxLB0psKTSThXvNOewRAu7PjTQ==",
      "dev": false
    }
  }
}
